
Microsoft Visual Studio Solution File, Format Version 12.00
# Visual Studio Version 17
VisualStudioVersion = 17.7.34031.279
MinimumVisualStudioVersion = 10.0.40219.1
Project("{FAE04EC0-301F-11D3-BF4B-00C04F79EFBC}") = "Online_Learning_Management_Sysytem_MVC", "Online_Learning_Management_Sysytem_MVC.csproj", "{A9A80B8D-26B1-4129-94F1-AAEA45044DCA}"
EndProject
Global
	GlobalSection(SolutionConfigurationPlatforms) = preSolution
		Debug|Any CPU = Debug|Any CPU
		Release|Any CPU = Release|Any CPU
	EndGlobalSection
	GlobalSection(ProjectConfigurationPlatforms) = postSolution
		{A9A80B8D-26B1-4129-94F1-AAEA45044DCA}.Debug|Any CPU.ActiveCfg = Debug|Any CPU
		{A9A80B8D-26B1-4129-94F1-AAEA45044DCA}.Debug|Any CPU.Build.0 = Debug|Any CPU
		{A9A80B8D-26B1-4129-94F1-AAEA45044DCA}.Release|Any CPU.ActiveCfg = Release|Any CPU
		{A9A80B8D-26B1-4129-94F1-AAEA45044DCA}.Release|Any CPU.Build.0 = Release|Any CPU
	EndGlobalSection
	GlobalSection(SolutionProperties) = preSolution
		HideSolutionNode = FALSE
	EndGlobalSection
	GlobalSection(ExtensibilityGlobals) = postSolution
		SolutionGuid = {BAED436A-2F5D-4780-933B-444B328929CF}
	EndGlobalSection
EndGlobal
